
Microsoft Visual Studio Solution File, Format Version 12.00
# Visual Studio 14
VisualStudioVersion = 14.0.23107.0
MinimumVisualStudioVersion = 10.0.40219.1
Project("{FAE04EC0-301F-11D3-BF4B-00C04F79EFBC}") = "RTM.Component.CameraImageViewer", "RTM.Component.CameraImageViewer\RTM.Component.CameraImageViewer.csproj", "{28C84071-AD46-4FE1-B617-3F4B9BE5F3E6}"
EndProject
Project("{FAE04EC0-301F-11D3-BF4B-00C04F79EFBC}") = "RTM.Component.HarrisCornerDetector", "RTM.Component.HarrisCornerDetector\RTM.Component.HarrisCornerDetector.csproj", "{A64D7AED-2B3B-45B5-9DE5-D59E0CC8034D}"
EndProject
Global
	GlobalSection(SolutionConfigurationPlatforms) = preSolution
		Debug|Any CPU = Debug|Any CPU
		Release|Any CPU = Release|Any CPU
	EndGlobalSection
	GlobalSection(ProjectConfigurationPlatforms) = postSolution
		{28C84071-AD46-4FE1-B617-3F4B9BE5F3E6}.Debug|Any CPU.ActiveCfg = Debug|Any CPU
		{28C84071-AD46-4FE1-B617-3F4B9BE5F3E6}.Debug|Any CPU.Build.0 = Debug|Any CPU
		{28C84071-AD46-4FE1-B617-3F4B9BE5F3E6}.Release|Any CPU.ActiveCfg = Release|Any CPU
		{28C84071-AD46-4FE1-B617-3F4B9BE5F3E6}.Release|Any CPU.Build.0 = Release|Any CPU
		{A64D7AED-2B3B-45B5-9DE5-D59E0CC8034D}.Debug|Any CPU.ActiveCfg = Debug|Any CPU
		{A64D7AED-2B3B-45B5-9DE5-D59E0CC8034D}.Debug|Any CPU.Build.0 = Debug|Any CPU
		{A64D7AED-2B3B-45B5-9DE5-D59E0CC8034D}.Release|Any CPU.ActiveCfg = Release|Any CPU
		{A64D7AED-2B3B-45B5-9DE5-D59E0CC8034D}.Release|Any CPU.Build.0 = Release|Any CPU
	EndGlobalSection
	GlobalSection(SolutionProperties) = preSolution
		HideSolutionNode = FALSE
	EndGlobalSection
EndGlobal
