
Microsoft Visual Studio Solution File, Format Version 12.00
# Visual Studio 14
VisualStudioVersion = 14.0.23107.0
MinimumVisualStudioVersion = 10.0.40219.1
Project("{FAE04EC0-301F-11D3-BF4B-00C04F79EFBC}") = "RTM.Component.CameraImageViewer", "RTM.Component.CameraImageViewer\RTM.Component.CameraImageViewer.csproj", "{28C84071-AD46-4FE1-B617-3F4B9BE5F3E6}"
EndProject
Project("{FAE04EC0-301F-11D3-BF4B-00C04F79EFBC}") = "RTM.Component.HarrisCornerDetector", "RTM.Component.HarrisCornerDetector\RTM.Component.HarrisCornerDetector.csproj", "{A64D7AED-2B3B-45B5-9DE5-D59E0CC8034D}"
EndProject
Project("{FAE04EC0-301F-11D3-BF4B-00C04F79EFBC}") = "RTM.Converter.CameraImage", "RTM.Converter.CameraImage\RTM.Converter.CameraImage.csproj", "{0456936C-B92D-4D4D-8E3A-D655CB996C87}"
EndProject
Project("{FAE04EC0-301F-11D3-BF4B-00C04F79EFBC}") = "RTM.Component.3DScene", "RTM.Component.3DScene\RTM.Component.3DScene.csproj", "{E8BE0526-1DD8-4080-8F73-AEC3B4BD6C85}"
EndProject
Project("{FAE04EC0-301F-11D3-BF4B-00C04F79EFBC}") = "RTM.Component.CameraMovementDetector", "RTM.Component.SURFDetector\RTM.Component.CameraMovementDetector.csproj", "{A6D277D7-645E-4101-B996-D5F49132338F}"
EndProject
Global
	GlobalSection(SolutionConfigurationPlatforms) = preSolution
		Debug|Any CPU = Debug|Any CPU
		Release|Any CPU = Release|Any CPU
	EndGlobalSection
	GlobalSection(ProjectConfigurationPlatforms) = postSolution
		{28C84071-AD46-4FE1-B617-3F4B9BE5F3E6}.Debug|Any CPU.ActiveCfg = Debug|Any CPU
		{28C84071-AD46-4FE1-B617-3F4B9BE5F3E6}.Debug|Any CPU.Build.0 = Debug|Any CPU
		{28C84071-AD46-4FE1-B617-3F4B9BE5F3E6}.Release|Any CPU.ActiveCfg = Release|Any CPU
		{28C84071-AD46-4FE1-B617-3F4B9BE5F3E6}.Release|Any CPU.Build.0 = Release|Any CPU
		{A64D7AED-2B3B-45B5-9DE5-D59E0CC8034D}.Debug|Any CPU.ActiveCfg = Debug|Any CPU
		{A64D7AED-2B3B-45B5-9DE5-D59E0CC8034D}.Debug|Any CPU.Build.0 = Debug|Any CPU
		{A64D7AED-2B3B-45B5-9DE5-D59E0CC8034D}.Release|Any CPU.ActiveCfg = Release|Any CPU
		{A64D7AED-2B3B-45B5-9DE5-D59E0CC8034D}.Release|Any CPU.Build.0 = Release|Any CPU
		{0456936C-B92D-4D4D-8E3A-D655CB996C87}.Debug|Any CPU.ActiveCfg = Debug|Any CPU
		{0456936C-B92D-4D4D-8E3A-D655CB996C87}.Debug|Any CPU.Build.0 = Debug|Any CPU
		{0456936C-B92D-4D4D-8E3A-D655CB996C87}.Release|Any CPU.ActiveCfg = Release|Any CPU
		{0456936C-B92D-4D4D-8E3A-D655CB996C87}.Release|Any CPU.Build.0 = Release|Any CPU
		{E8BE0526-1DD8-4080-8F73-AEC3B4BD6C85}.Debug|Any CPU.ActiveCfg = Debug|Any CPU
		{E8BE0526-1DD8-4080-8F73-AEC3B4BD6C85}.Debug|Any CPU.Build.0 = Debug|Any CPU
		{E8BE0526-1DD8-4080-8F73-AEC3B4BD6C85}.Release|Any CPU.ActiveCfg = Release|Any CPU
		{E8BE0526-1DD8-4080-8F73-AEC3B4BD6C85}.Release|Any CPU.Build.0 = Release|Any CPU
		{A6D277D7-645E-4101-B996-D5F49132338F}.Debug|Any CPU.ActiveCfg = Debug|Any CPU
		{A6D277D7-645E-4101-B996-D5F49132338F}.Debug|Any CPU.Build.0 = Debug|Any CPU
		{A6D277D7-645E-4101-B996-D5F49132338F}.Release|Any CPU.ActiveCfg = Release|Any CPU
		{A6D277D7-645E-4101-B996-D5F49132338F}.Release|Any CPU.Build.0 = Release|Any CPU
	EndGlobalSection
	GlobalSection(SolutionProperties) = preSolution
		HideSolutionNode = FALSE
	EndGlobalSection
EndGlobal
