
Microsoft Visual Studio Solution File, Format Version 12.00
# Visual Studio 14
VisualStudioVersion = 14.0.23107.0
MinimumVisualStudioVersion = 10.0.40219.1
Project("{FAE04EC0-301F-11D3-BF4B-00C04F79EFBC}") = "RTM.Component.CameraImageViewer", "RTM.Component.CameraImageViewer\RTM.Component.CameraImageViewer.csproj", "{28C84071-AD46-4FE1-B617-3F4B9BE5F3E6}"
EndProject
Project("{FAE04EC0-301F-11D3-BF4B-00C04F79EFBC}") = "RTM.Component.HarrisCornerDetector", "RTM.Component.HarrisCornerDetector\RTM.Component.HarrisCornerDetector.csproj", "{A64D7AED-2B3B-45B5-9DE5-D59E0CC8034D}"
EndProject
Project("{FAE04EC0-301F-11D3-BF4B-00C04F79EFBC}") = "RTM.Converter.CameraImage", "RTM.Converter.CameraImage\RTM.Converter.CameraImage.csproj", "{0456936C-B92D-4D4D-8E3A-D655CB996C87}"
EndProject
Project("{FAE04EC0-301F-11D3-BF4B-00C04F79EFBC}") = "RTM.Component.3DScene", "RTM.Component.3DScene\RTM.Component.3DScene.csproj", "{E8BE0526-1DD8-4080-8F73-AEC3B4BD6C85}"
EndProject
Project("{FAE04EC0-301F-11D3-BF4B-00C04F79EFBC}") = "RTM.Component.CameraMovementDetector", "RTM.Component.CameraMovementDetector\RTM.Component.CameraMovementDetector.csproj", "{A6D277D7-645E-4101-B996-D5F49132338F}"
EndProject
Project("{FAE04EC0-301F-11D3-BF4B-00C04F79EFBC}") = "RTM.DTO", "RTM.DTO\RTM.DTO.csproj", "{19A09A07-34FF-40AE-A3CC-5E6CCFC29BDA}"
EndProject
Project("{FAE04EC0-301F-11D3-BF4B-00C04F79EFBC}") = "RTM.Calculator.OpticalFlow", "RTM.Calculator.OpticalFlow\RTM.Calculator.OpticalFlow.csproj", "{E6BCCE92-C189-466C-A579-E895FAB4988C}"
EndProject
Project("{FAE04EC0-301F-11D3-BF4B-00C04F79EFBC}") = "RTM.Calculator.Homography", "RTM.Calculator.Homography\RTM.Calculator.Homography.csproj", "{69EB4472-CE18-4671-BEF7-BB6ED32A1992}"
EndProject
Project("{FAE04EC0-301F-11D3-BF4B-00C04F79EFBC}") = "RTM.Detector.Features", "RTM.Detector.Features\RTM.Detector.Features.csproj", "{3EF05BF5-56CD-4C56-A7E4-23F22E88C3AC}"
EndProject
Project("{2150E333-8FDC-42A3-9474-1A3956D46DE8}") = "Components", "Components", "{2B5A0707-25E4-44C1-89B2-518C86292B4F}"
EndProject
Project("{2150E333-8FDC-42A3-9474-1A3956D46DE8}") = "Calculators", "Calculators", "{B42F34B9-F70C-44B2-AFF5-D5427BBDE1D4}"
EndProject
Project("{2150E333-8FDC-42A3-9474-1A3956D46DE8}") = "Detectors", "Detectors", "{223A4CFC-F5A5-4708-BC14-86ECA3F521D2}"
EndProject
Project("{2150E333-8FDC-42A3-9474-1A3956D46DE8}") = "Converters", "Converters", "{6992D10F-8AB4-4589-9409-721FCB6A926D}"
EndProject
Project("{2150E333-8FDC-42A3-9474-1A3956D46DE8}") = "Data", "Data", "{9C644083-F6E5-44CE-880C-74601697F064}"
EndProject
Project("{FAE04EC0-301F-11D3-BF4B-00C04F79EFBC}") = "RTM.Component.StereoImaging", "RTM.Component.StereoImaging\RTM.Component.StereoImaging.csproj", "{988F652A-41AE-4F0A-AE1B-C16A01254985}"
EndProject
Global
	GlobalSection(SolutionConfigurationPlatforms) = preSolution
		Debug|Any CPU = Debug|Any CPU
		Release|Any CPU = Release|Any CPU
	EndGlobalSection
	GlobalSection(ProjectConfigurationPlatforms) = postSolution
		{28C84071-AD46-4FE1-B617-3F4B9BE5F3E6}.Debug|Any CPU.ActiveCfg = Debug|Any CPU
		{28C84071-AD46-4FE1-B617-3F4B9BE5F3E6}.Debug|Any CPU.Build.0 = Debug|Any CPU
		{28C84071-AD46-4FE1-B617-3F4B9BE5F3E6}.Release|Any CPU.ActiveCfg = Release|Any CPU
		{28C84071-AD46-4FE1-B617-3F4B9BE5F3E6}.Release|Any CPU.Build.0 = Release|Any CPU
		{A64D7AED-2B3B-45B5-9DE5-D59E0CC8034D}.Debug|Any CPU.ActiveCfg = Debug|Any CPU
		{A64D7AED-2B3B-45B5-9DE5-D59E0CC8034D}.Debug|Any CPU.Build.0 = Debug|Any CPU
		{A64D7AED-2B3B-45B5-9DE5-D59E0CC8034D}.Release|Any CPU.ActiveCfg = Release|Any CPU
		{A64D7AED-2B3B-45B5-9DE5-D59E0CC8034D}.Release|Any CPU.Build.0 = Release|Any CPU
		{0456936C-B92D-4D4D-8E3A-D655CB996C87}.Debug|Any CPU.ActiveCfg = Debug|Any CPU
		{0456936C-B92D-4D4D-8E3A-D655CB996C87}.Debug|Any CPU.Build.0 = Debug|Any CPU
		{0456936C-B92D-4D4D-8E3A-D655CB996C87}.Release|Any CPU.ActiveCfg = Release|Any CPU
		{0456936C-B92D-4D4D-8E3A-D655CB996C87}.Release|Any CPU.Build.0 = Release|Any CPU
		{E8BE0526-1DD8-4080-8F73-AEC3B4BD6C85}.Debug|Any CPU.ActiveCfg = Debug|Any CPU
		{E8BE0526-1DD8-4080-8F73-AEC3B4BD6C85}.Debug|Any CPU.Build.0 = Debug|Any CPU
		{E8BE0526-1DD8-4080-8F73-AEC3B4BD6C85}.Release|Any CPU.ActiveCfg = Release|Any CPU
		{E8BE0526-1DD8-4080-8F73-AEC3B4BD6C85}.Release|Any CPU.Build.0 = Release|Any CPU
		{A6D277D7-645E-4101-B996-D5F49132338F}.Debug|Any CPU.ActiveCfg = Debug|Any CPU
		{A6D277D7-645E-4101-B996-D5F49132338F}.Debug|Any CPU.Build.0 = Debug|Any CPU
		{A6D277D7-645E-4101-B996-D5F49132338F}.Release|Any CPU.ActiveCfg = Release|Any CPU
		{A6D277D7-645E-4101-B996-D5F49132338F}.Release|Any CPU.Build.0 = Release|Any CPU
		{19A09A07-34FF-40AE-A3CC-5E6CCFC29BDA}.Debug|Any CPU.ActiveCfg = Debug|Any CPU
		{19A09A07-34FF-40AE-A3CC-5E6CCFC29BDA}.Debug|Any CPU.Build.0 = Debug|Any CPU
		{19A09A07-34FF-40AE-A3CC-5E6CCFC29BDA}.Release|Any CPU.ActiveCfg = Release|Any CPU
		{19A09A07-34FF-40AE-A3CC-5E6CCFC29BDA}.Release|Any CPU.Build.0 = Release|Any CPU
		{E6BCCE92-C189-466C-A579-E895FAB4988C}.Debug|Any CPU.ActiveCfg = Debug|Any CPU
		{E6BCCE92-C189-466C-A579-E895FAB4988C}.Debug|Any CPU.Build.0 = Debug|Any CPU
		{E6BCCE92-C189-466C-A579-E895FAB4988C}.Release|Any CPU.ActiveCfg = Release|Any CPU
		{E6BCCE92-C189-466C-A579-E895FAB4988C}.Release|Any CPU.Build.0 = Release|Any CPU
		{69EB4472-CE18-4671-BEF7-BB6ED32A1992}.Debug|Any CPU.ActiveCfg = Debug|Any CPU
		{69EB4472-CE18-4671-BEF7-BB6ED32A1992}.Debug|Any CPU.Build.0 = Debug|Any CPU
		{69EB4472-CE18-4671-BEF7-BB6ED32A1992}.Release|Any CPU.ActiveCfg = Release|Any CPU
		{69EB4472-CE18-4671-BEF7-BB6ED32A1992}.Release|Any CPU.Build.0 = Release|Any CPU
		{3EF05BF5-56CD-4C56-A7E4-23F22E88C3AC}.Debug|Any CPU.ActiveCfg = Debug|Any CPU
		{3EF05BF5-56CD-4C56-A7E4-23F22E88C3AC}.Debug|Any CPU.Build.0 = Debug|Any CPU
		{3EF05BF5-56CD-4C56-A7E4-23F22E88C3AC}.Release|Any CPU.ActiveCfg = Release|Any CPU
		{3EF05BF5-56CD-4C56-A7E4-23F22E88C3AC}.Release|Any CPU.Build.0 = Release|Any CPU
		{988F652A-41AE-4F0A-AE1B-C16A01254985}.Debug|Any CPU.ActiveCfg = Debug|Any CPU
		{988F652A-41AE-4F0A-AE1B-C16A01254985}.Debug|Any CPU.Build.0 = Debug|Any CPU
		{988F652A-41AE-4F0A-AE1B-C16A01254985}.Release|Any CPU.ActiveCfg = Release|Any CPU
		{988F652A-41AE-4F0A-AE1B-C16A01254985}.Release|Any CPU.Build.0 = Release|Any CPU
	EndGlobalSection
	GlobalSection(SolutionProperties) = preSolution
		HideSolutionNode = FALSE
	EndGlobalSection
	GlobalSection(NestedProjects) = preSolution
		{28C84071-AD46-4FE1-B617-3F4B9BE5F3E6} = {2B5A0707-25E4-44C1-89B2-518C86292B4F}
		{A64D7AED-2B3B-45B5-9DE5-D59E0CC8034D} = {2B5A0707-25E4-44C1-89B2-518C86292B4F}
		{0456936C-B92D-4D4D-8E3A-D655CB996C87} = {6992D10F-8AB4-4589-9409-721FCB6A926D}
		{E8BE0526-1DD8-4080-8F73-AEC3B4BD6C85} = {2B5A0707-25E4-44C1-89B2-518C86292B4F}
		{A6D277D7-645E-4101-B996-D5F49132338F} = {2B5A0707-25E4-44C1-89B2-518C86292B4F}
		{19A09A07-34FF-40AE-A3CC-5E6CCFC29BDA} = {9C644083-F6E5-44CE-880C-74601697F064}
		{E6BCCE92-C189-466C-A579-E895FAB4988C} = {B42F34B9-F70C-44B2-AFF5-D5427BBDE1D4}
		{69EB4472-CE18-4671-BEF7-BB6ED32A1992} = {B42F34B9-F70C-44B2-AFF5-D5427BBDE1D4}
		{3EF05BF5-56CD-4C56-A7E4-23F22E88C3AC} = {223A4CFC-F5A5-4708-BC14-86ECA3F521D2}
		{988F652A-41AE-4F0A-AE1B-C16A01254985} = {2B5A0707-25E4-44C1-89B2-518C86292B4F}
	EndGlobalSection
EndGlobal
